<?xml version="1.0" encoding="utf-8"?>
<Project ToolsVersion="4.0" xmlns="http://schemas.microsoft.com/developer/msbuild/2003">
  <ItemGroup>
    <Filter Include="Source Files">
      <UniqueIdentifier>{4FC737F1-C7A5-4376-A066-2A32D752A2FF}</UniqueIdentifier>
      <Extensions>cpp;c;cc;cxx;def;odl;idl;hpj;bat;asm;asmx</Extensions>
    </Filter>
    <Filter Include="Header Files">
      <UniqueIdentifier>{93995380-89BD-4b04-88EB-625FBE52EBFB}</UniqueIdentifier>
      <Extensions>h;hh;hpp;hxx;hm;inl;inc;ipp;xsd</Extensions>
    </Filter>
    <Filter Include="Resource Files">
      <UniqueIdentifier>{67DA6AB6-F800-4c08-8B7A-83BB121AAD01}</UniqueIdentifier>
      <Extensions>rc;ico;cur;bmp;dlg;rc2;rct;bin;rgs;gif;jpg;jpeg;jpe;resx;tiff;tif;png;wav;mfcribbon-ms</Extensions>
    </Filter>
    <Filter Include="Source Files\main">
      <UniqueIdentifier>{741244e0-e4eb-4b84-b391-2ec3f955b6fd}</UniqueIdentifier>
    </Filter>
  </ItemGroup>
  <ItemGroup>
    <ClInclude Include="..\..\src\z80asm\t\test.h">
      <Filter>Header Files</Filter>
    </ClInclude>
  </ItemGroup>
  <ItemGroup>
    <ClCompile Include="..\..\src\z80asm\t\test.c">
      <Filter>Source Files</Filter>
    </ClCompile>
    <ClCompile Include="..\..\src\z80asm\t\t_asmpp.c">
      <Filter>Source Files</Filter>
    </ClCompile>
    <ClCompile Include="..\..\src\z80asm\asmpp.c">
      <Filter>Source Files\main</Filter>
    </ClCompile>
    <ClCompile Include="..\..\src\z80asm\codearea.c">
      <Filter>Source Files\main</Filter>
    </ClCompile>
    <ClCompile Include="..\..\src\z80asm\directives.c">
      <Filter>Source Files\main</Filter>
    </ClCompile>
    <ClCompile Include="..\..\src\z80asm\errors.c">
      <Filter>Source Files\main</Filter>
    </ClCompile>
    <ClCompile Include="..\..\src\z80asm\expr.c">
      <Filter>Source Files\main</Filter>
    </ClCompile>
    <ClCompile Include="..\..\src\z80asm\hist.c">
      <Filter>Source Files\main</Filter>
    </ClCompile>
    <ClCompile Include="..\..\src\z80asm\libfile.c">
      <Filter>Source Files\main</Filter>
    </ClCompile>
    <ClCompile Include="..\..\src\z80asm\listfile.c">
      <Filter>Source Files\main</Filter>
    </ClCompile>
    <ClCompile Include="..\..\src\z80asm\macros.c">
      <Filter>Source Files\main</Filter>
    </ClCompile>
    <ClCompile Include="..\..\src\z80asm\model.c">
      <Filter>Source Files\main</Filter>
    </ClCompile>
    <ClCompile Include="..\..\src\z80asm\modlink.c">
      <Filter>Source Files\main</Filter>
    </ClCompile>
    <ClCompile Include="..\..\src\z80asm\module.c">
      <Filter>Source Files\main</Filter>
    </ClCompile>
    <ClCompile Include="..\..\src\z80asm\opcodes.c">
      <Filter>Source Files\main</Filter>
    </ClCompile>
    <ClCompile Include="..\..\src\z80asm\options.c">
      <Filter>Source Files\main</Filter>
    </ClCompile>
    <ClCompile Include="..\..\src\z80asm\parse.c">
      <Filter>Source Files\main</Filter>
    </ClCompile>
    <ClCompile Include="..\..\src\z80asm\scan.c">
      <Filter>Source Files\main</Filter>
    </ClCompile>
    <ClCompile Include="..\..\src\z80asm\sym.c">
      <Filter>Source Files\main</Filter>
    </ClCompile>
    <ClCompile Include="..\..\src\z80asm\symtab.c">
      <Filter>Source Files\main</Filter>
    </ClCompile>
    <ClCompile Include="..\..\src\z80asm\z80asm.c">
      <Filter>Source Files\main</Filter>
    </ClCompile>
    <ClCompile Include="..\..\src\z80asm\z80pass.c">
      <Filter>Source Files\main</Filter>
    </ClCompile>
    <ClCompile Include="..\..\src\z80asm\zobjfile.c">
      <Filter>Source Files\main</Filter>
    </ClCompile>
    <ClCompile Include="..\..\src\z80asm\lib\alloc.c">
      <Filter>Source Files\main</Filter>
    </ClCompile>
    <ClCompile Include="..\..\src\z80asm\lib\array.c">
      <Filter>Source Files\main</Filter>
    </ClCompile>
    <ClCompile Include="..\..\src\z80asm\lib\class.c">
      <Filter>Source Files\main</Filter>
    </ClCompile>
    <ClCompile Include="..\..\src\z80asm\lib\dbg.c">
      <Filter>Source Files\main</Filter>
    </ClCompile>
    <ClCompile Include="..\..\src\z80asm\lib\list.c">
      <Filter>Source Files\main</Filter>
    </ClCompile>
    <ClCompile Include="..\..\src\z80asm\lib\minunit.c">
      <Filter>Source Files\main</Filter>
    </ClCompile>
    <ClCompile Include="..\..\src\z80asm\lib\srcfile.c">
      <Filter>Source Files\main</Filter>
    </ClCompile>
    <ClCompile Include="..\..\src\z80asm\lib\str.c">
      <Filter>Source Files\main</Filter>
    </ClCompile>
    <ClCompile Include="..\..\src\z80asm\lib\strhash.c">
      <Filter>Source Files\main</Filter>
    </ClCompile>
    <ClCompile Include="..\..\src\common\die.c">
      <Filter>Source Files\main</Filter>
    </ClCompile>
    <ClCompile Include="..\..\src\common\fileutil.c">
      <Filter>Source Files\main</Filter>
    </ClCompile>
    <ClCompile Include="..\..\src\common\objfile.c">
      <Filter>Source Files\main</Filter>
    </ClCompile>
    <ClCompile Include="..\..\src\common\optparse.c">
      <Filter>Source Files\main</Filter>
    </ClCompile>
    <ClCompile Include="..\..\src\common\strutil.c">
      <Filter>Source Files\main</Filter>
    </ClCompile>
    <ClCompile Include="..\..\src\z80asm\utils.c">
      <Filter>Source Files\main</Filter>
    </ClCompile>
    <ClCompile Include="..\..\src\z80asm\t\t_utils.c">
      <Filter>Source Files</Filter>
    </ClCompile>
    <ClCompile Include="..\..\src\z80asm\t\t_errors.c">
      <Filter>Source Files</Filter>
    </ClCompile>
  </ItemGroup>
</Project>